// !$*UTF8*$!
{
	archiveVersion = 1;
	classes = {
	};
	objectVersion = 55;
	objects = {

/* Begin PBXBuildFile section */
		DA2FAABD27C994CE00C6F51E /* AppDelegate.swift in Sources */ = {isa = PBXBuildFile; fileRef = DA2FAABC27C994CE00C6F51E /* AppDelegate.swift */; };
		DA2FAABF27C994CE00C6F51E /* SceneDelegate.swift in Sources */ = {isa = PBXBuildFile; fileRef = DA2FAABE27C994CE00C6F51E /* SceneDelegate.swift */; };
		DA2FAAC127C994CE00C6F51E /* LoginViewController.swift in Sources */ = {isa = PBXBuildFile; fileRef = DA2FAAC027C994CE00C6F51E /* LoginViewController.swift */; };
		DA2FAAC427C994CE00C6F51E /* Main.storyboard in Resources */ = {isa = PBXBuildFile; fileRef = DA2FAAC227C994CE00C6F51E /* Main.storyboard */; };
		DA2FAAC627C994D000C6F51E /* Assets.xcassets in Resources */ = {isa = PBXBuildFile; fileRef = DA2FAAC527C994D000C6F51E /* Assets.xcassets */; };
		DA2FAAC927C994D000C6F51E /* LaunchScreen.storyboard in Resources */ = {isa = PBXBuildFile; fileRef = DA2FAAC727C994D000C6F51E /* LaunchScreen.storyboard */; };
		DA2FAAD727CAD16400C6F51E /* NetworkService.swift in Sources */ = {isa = PBXBuildFile; fileRef = DA2FAAD627CAD16400C6F51E /* NetworkService.swift */; };
		DA2FAADA27CAD1BC00C6F51E /* Endpoints.swift in Sources */ = {isa = PBXBuildFile; fileRef = DA2FAAD927CAD1BC00C6F51E /* Endpoints.swift */; };
		DA2FAADC27CAE8CD00C6F51E /* LoginResponse.swift in Sources */ = {isa = PBXBuildFile; fileRef = DA2FAADB27CAE8CD00C6F51E /* LoginResponse.swift */; };
		DA2FAADE27CAF3C600C6F51E /* LoginRequest.swift in Sources */ = {isa = PBXBuildFile; fileRef = DA2FAADD27CAF3C600C6F51E /* LoginRequest.swift */; };
		DA2FAAE027CB3D9800C6F51E /* Colors.swift in Sources */ = {isa = PBXBuildFile; fileRef = DA2FAADF27CB3D9800C6F51E /* Colors.swift */; };
		DA2FAAE227CB411500C6F51E /* MapViewController.swift in Sources */ = {isa = PBXBuildFile; fileRef = DA2FAAE127CB411500C6F51E /* MapViewController.swift */; };
		DA2FAAE427CB412C00C6F51E /* ListViewController.swift in Sources */ = {isa = PBXBuildFile; fileRef = DA2FAAE327CB412C00C6F51E /* ListViewController.swift */; };
		DA5BF83327CB669700812970 /* TabBarController.swift in Sources */ = {isa = PBXBuildFile; fileRef = DA5BF83227CB669700812970 /* TabBarController.swift */; };
		DA5BF83527CB711000812970 /* StudentLocationResponse.swift in Sources */ = {isa = PBXBuildFile; fileRef = DA5BF83427CB711000812970 /* StudentLocationResponse.swift */; };
/* End PBXBuildFile section */

/* Begin PBXFileReference section */
		DA2FAAB927C994CE00C6F51E /* OnTheMap.app */ = {isa = PBXFileReference; explicitFileType = wrapper.application; includeInIndex = 0; path = OnTheMap.app; sourceTree = BUILT_PRODUCTS_DIR; };
		DA2FAABC27C994CE00C6F51E /* AppDelegate.swift */ = {isa = PBXFileReference; lastKnownFileType = sourcecode.swift; path = AppDelegate.swift; sourceTree = "<group>"; };
		DA2FAABE27C994CE00C6F51E /* SceneDelegate.swift */ = {isa = PBXFileReference; lastKnownFileType = sourcecode.swift; path = SceneDelegate.swift; sourceTree = "<group>"; };
		DA2FAAC027C994CE00C6F51E /* LoginViewController.swift */ = {isa = PBXFileReference; lastKnownFileType = sourcecode.swift; path = LoginViewController.swift; sourceTree = "<group>"; };
		DA2FAAC327C994CE00C6F51E /* Base */ = {isa = PBXFileReference; lastKnownFileType = file.storyboard; name = Base; path = Base.lproj/Main.storyboard; sourceTree = "<group>"; };
		DA2FAAC527C994D000C6F51E /* Assets.xcassets */ = {isa = PBXFileReference; lastKnownFileType = folder.assetcatalog; path = Assets.xcassets; sourceTree = "<group>"; };
		DA2FAAC827C994D000C6F51E /* Base */ = {isa = PBXFileReference; lastKnownFileType = file.storyboard; name = Base; path = Base.lproj/LaunchScreen.storyboard; sourceTree = "<group>"; };
		DA2FAACA27C994D000C6F51E /* Info.plist */ = {isa = PBXFileReference; lastKnownFileType = text.plist.xml; path = Info.plist; sourceTree = "<group>"; };
		DA2FAAD627CAD16400C6F51E /* NetworkService.swift */ = {isa = PBXFileReference; lastKnownFileType = sourcecode.swift; path = NetworkService.swift; sourceTree = "<group>"; };
		DA2FAAD927CAD1BC00C6F51E /* Endpoints.swift */ = {isa = PBXFileReference; lastKnownFileType = sourcecode.swift; path = Endpoints.swift; sourceTree = "<group>"; };
		DA2FAADB27CAE8CD00C6F51E /* LoginResponse.swift */ = {isa = PBXFileReference; lastKnownFileType = sourcecode.swift; path = LoginResponse.swift; sourceTree = "<group>"; };
		DA2FAADD27CAF3C600C6F51E /* LoginRequest.swift */ = {isa = PBXFileReference; lastKnownFileType = sourcecode.swift; path = LoginRequest.swift; sourceTree = "<group>"; };
		DA2FAADF27CB3D9800C6F51E /* Colors.swift */ = {isa = PBXFileReference; lastKnownFileType = sourcecode.swift; path = Colors.swift; sourceTree = "<group>"; };
		DA2FAAE127CB411500C6F51E /* MapViewController.swift */ = {isa = PBXFileReference; lastKnownFileType = sourcecode.swift; path = MapViewController.swift; sourceTree = "<group>"; };
		DA2FAAE327CB412C00C6F51E /* ListViewController.swift */ = {isa = PBXFileReference; lastKnownFileType = sourcecode.swift; path = ListViewController.swift; sourceTree = "<group>"; };
		DA5BF83227CB669700812970 /* TabBarController.swift */ = {isa = PBXFileReference; lastKnownFileType = sourcecode.swift; path = TabBarController.swift; sourceTree = "<group>"; };
		DA5BF83427CB711000812970 /* StudentLocationResponse.swift */ = {isa = PBXFileReference; lastKnownFileType = sourcecode.swift; path = StudentLocationResponse.swift; sourceTree = "<group>"; };
/* End PBXFileReference section */

/* Begin PBXFrameworksBuildPhase section */
		DA2FAAB627C994CE00C6F51E /* Frameworks */ = {
			isa = PBXFrameworksBuildPhase;
			buildActionMask = 2147483647;
			files = (
			);
			runOnlyForDeploymentPostprocessing = 0;
		};
/* End PBXFrameworksBuildPhase section */

/* Begin PBXGroup section */
		DA2FAAB027C994CE00C6F51E = {
			isa = PBXGroup;
			children = (
				DA2FAABB27C994CE00C6F51E /* OnTheMap */,
				DA2FAABA27C994CE00C6F51E /* Products */,
			);
			sourceTree = "<group>";
		};
		DA2FAABA27C994CE00C6F51E /* Products */ = {
			isa = PBXGroup;
			children = (
				DA2FAAB927C994CE00C6F51E /* OnTheMap.app */,
			);
			name = Products;
			sourceTree = "<group>";
		};
		DA2FAABB27C994CE00C6F51E /* OnTheMap */ = {
			isa = PBXGroup;
			children = (
				DA2FAAD827CAD1A500C6F51E /* Common */,
				DA2FAAD227CAD11600C6F51E /* Models */,
				DA2FAAD127CAD10900C6F51E /* Services */,
				DA2FAAD027C9A1E000C6F51E /* ViewControllers */,
				DA2FAABC27C994CE00C6F51E /* AppDelegate.swift */,
				DA2FAABE27C994CE00C6F51E /* SceneDelegate.swift */,
				DA2FAAC227C994CE00C6F51E /* Main.storyboard */,
				DA2FAAC527C994D000C6F51E /* Assets.xcassets */,
				DA2FAAC727C994D000C6F51E /* LaunchScreen.storyboard */,
				DA2FAACA27C994D000C6F51E /* Info.plist */,
			);
			path = OnTheMap;
			sourceTree = "<group>";
		};
		DA2FAAD027C9A1E000C6F51E /* ViewControllers */ = {
			isa = PBXGroup;
			children = (
				DA2FAAC027C994CE00C6F51E /* LoginViewController.swift */,
				DA2FAAE127CB411500C6F51E /* MapViewController.swift */,
				DA2FAAE327CB412C00C6F51E /* ListViewController.swift */,
				DA5BF83227CB669700812970 /* TabBarController.swift */,
			);
			path = ViewControllers;
			sourceTree = "<group>";
		};
		DA2FAAD127CAD10900C6F51E /* Services */ = {
			isa = PBXGroup;
			children = (
				DA2FAAD627CAD16400C6F51E /* NetworkService.swift */,
			);
			path = Services;
			sourceTree = "<group>";
		};
		DA2FAAD227CAD11600C6F51E /* Models */ = {
			isa = PBXGroup;
			children = (
				DA2FAAD527CAD13C00C6F51E /* Responses */,
				DA2FAAD427CAD13600C6F51E /* Requests */,
				DA2FAAD327CAD12E00C6F51E /* Common */,
			);
			path = Models;
			sourceTree = "<group>";
		};
		DA2FAAD327CAD12E00C6F51E /* Common */ = {
			isa = PBXGroup;
			children = (
			);
			path = Common;
			sourceTree = "<group>";
		};
		DA2FAAD427CAD13600C6F51E /* Requests */ = {
			isa = PBXGroup;
			children = (
				DA2FAADD27CAF3C600C6F51E /* LoginRequest.swift */,
			);
			path = Requests;
			sourceTree = "<group>";
		};
		DA2FAAD527CAD13C00C6F51E /* Responses */ = {
			isa = PBXGroup;
			children = (
				DA2FAADB27CAE8CD00C6F51E /* LoginResponse.swift */,
				DA5BF83427CB711000812970 /* StudentLocationResponse.swift */,
			);
			path = Responses;
			sourceTree = "<group>";
		};
		DA2FAAD827CAD1A500C6F51E /* Common */ = {
			isa = PBXGroup;
			children = (
				DA2FAAD927CAD1BC00C6F51E /* Endpoints.swift */,
				DA2FAADF27CB3D9800C6F51E /* Colors.swift */,
			);
			path = Common;
			sourceTree = "<group>";
		};
/* End PBXGroup section */

/* Begin PBXNativeTarget section */
		DA2FAAB827C994CE00C6F51E /* OnTheMap */ = {
			isa = PBXNativeTarget;
			buildConfigurationList = DA2FAACD27C994D000C6F51E /* Build configuration list for PBXNativeTarget "OnTheMap" */;
			buildPhases = (
				DA2FAAB527C994CE00C6F51E /* Sources */,
				DA2FAAB627C994CE00C6F51E /* Frameworks */,
				DA2FAAB727C994CE00C6F51E /* Resources */,
			);
			buildRules = (
			);
			dependencies = (
			);
			name = OnTheMap;
			productName = OnTheMap;
			productReference = DA2FAAB927C994CE00C6F51E /* OnTheMap.app */;
			productType = "com.apple.product-type.application";
		};
/* End PBXNativeTarget section */

/* Begin PBXProject section */
		DA2FAAB127C994CE00C6F51E /* Project object */ = {
			isa = PBXProject;
			attributes = {
				BuildIndependentTargetsInParallel = 1;
				LastSwiftUpdateCheck = 1320;
				LastUpgradeCheck = 1320;
				TargetAttributes = {
					DA2FAAB827C994CE00C6F51E = {
						CreatedOnToolsVersion = 13.2.1;
					};
				};
			};
			buildConfigurationList = DA2FAAB427C994CE00C6F51E /* Build configuration list for PBXProject "OnTheMap" */;
			compatibilityVersion = "Xcode 13.0";
			developmentRegion = en;
			hasScannedForEncodings = 0;
			knownRegions = (
				en,
				Base,
			);
			mainGroup = DA2FAAB027C994CE00C6F51E;
			productRefGroup = DA2FAABA27C994CE00C6F51E /* Products */;
			projectDirPath = "";
			projectRoot = "";
			targets = (
				DA2FAAB827C994CE00C6F51E /* OnTheMap */,
			);
		};
/* End PBXProject section */

/* Begin PBXResourcesBuildPhase section */
		DA2FAAB727C994CE00C6F51E /* Resources */ = {
			isa = PBXResourcesBuildPhase;
			buildActionMask = 2147483647;
			files = (
				DA2FAAC927C994D000C6F51E /* LaunchScreen.storyboard in Resources */,
				DA2FAAC627C994D000C6F51E /* Assets.xcassets in Resources */,
				DA2FAAC427C994CE00C6F51E /* Main.storyboard in Resources */,
			);
			runOnlyForDeploymentPostprocessing = 0;
		};
/* End PBXResourcesBuildPhase section */

/* Begin PBXSourcesBuildPhase section */
		DA2FAAB527C994CE00C6F51E /* Sources */ = {
			isa = PBXSourcesBuildPhase;
			buildActionMask = 2147483647;
			files = (
				DA2FAAC127C994CE00C6F51E /* LoginViewController.swift in Sources */,
				DA2FAAE027CB3D9800C6F51E /* Colors.swift in Sources */,
				DA5BF83327CB669700812970 /* TabBarController.swift in Sources */,
				DA2FAABD27C994CE00C6F51E /* AppDelegate.swift in Sources */,
				DA2FAADC27CAE8CD00C6F51E /* LoginResponse.swift in Sources */,
				DA2FAAE227CB411500C6F51E /* MapViewController.swift in Sources */,
				DA2FAAD727CAD16400C6F51E /* NetworkService.swift in Sources */,
				DA5BF83527CB711000812970 /* StudentLocationResponse.swift in Sources */,
				DA2FAABF27C994CE00C6F51E /* SceneDelegate.swift in Sources */,
				DA2FAADE27CAF3C600C6F51E /* LoginRequest.swift in Sources */,
				DA2FAAE427CB412C00C6F51E /* ListViewController.swift in Sources */,
				DA2FAADA27CAD1BC00C6F51E /* Endpoints.swift in Sources */,
			);
			runOnlyForDeploymentPostprocessing = 0;
		};
/* End PBXSourcesBuildPhase section */

/* Begin PBXVariantGroup section */
		DA2FAAC227C994CE00C6F51E /* Main.storyboard */ = {
			isa = PBXVariantGroup;
			children = (
				DA2FAAC327C994CE00C6F51E /* Base */,
			);
			name = Main.storyboard;
			sourceTree = "<group>";
		};
		DA2FAAC727C994D000C6F51E /* LaunchScreen.storyboard */ = {
			isa = PBXVariantGroup;
			children = (
				DA2FAAC827C994D000C6F51E /* Base */,
			);
			name = LaunchScreen.storyboard;
			sourceTree = "<group>";
		};
/* End PBXVariantGroup section */

/* Begin XCBuildConfiguration section */
		DA2FAACB27C994D000C6F51E /* Debug */ = {
			isa = XCBuildConfiguration;
			buildSettings = {
				ALWAYS_SEARCH_USER_PATHS = NO;
				CLANG_ANALYZER_NONNULL = YES;
				CLANG_ANALYZER_NUMBER_OBJECT_CONVERSION = YES_AGGRESSIVE;
				CLANG_CXX_LANGUAGE_STANDARD = "gnu++17";
				CLANG_CXX_LIBRARY = "libc++";
				CLANG_ENABLE_MODULES = YES;
				CLANG_ENABLE_OBJC_ARC = YES;
				CLANG_ENABLE_OBJC_WEAK = YES;
				CLANG_WARN_BLOCK_CAPTURE_AUTORELEASING = YES;
				CLANG_WARN_BOOL_CONVERSION = YES;
				CLANG_WARN_COMMA = YES;
				CLANG_WARN_CONSTANT_CONVERSION = YES;
				CLANG_WARN_DEPRECATED_OBJC_IMPLEMENTATIONS = YES;
				CLANG_WARN_DIRECT_OBJC_ISA_USAGE = YES_ERROR;
				CLANG_WARN_DOCUMENTATION_COMMENTS = YES;
				CLANG_WARN_EMPTY_BODY = YES;
				CLANG_WARN_ENUM_CONVERSION = YES;
				CLANG_WARN_INFINITE_RECURSION = YES;
				CLANG_WARN_INT_CONVERSION = YES;
				CLANG_WARN_NON_LITERAL_NULL_CONVERSION = YES;
				CLANG_WARN_OBJC_IMPLICIT_RETAIN_SELF = YES;
				CLANG_WARN_OBJC_LITERAL_CONVERSION = YES;
				CLANG_WARN_OBJC_ROOT_CLASS = YES_ERROR;
				CLANG_WARN_QUOTED_INCLUDE_IN_FRAMEWORK_HEADER = YES;
				CLANG_WARN_RANGE_LOOP_ANALYSIS = YES;
				CLANG_WARN_STRICT_PROTOTYPES = YES;
				CLANG_WARN_SUSPICIOUS_MOVE = YES;
				CLANG_WARN_UNGUARDED_AVAILABILITY = YES_AGGRESSIVE;
				CLANG_WARN_UNREACHABLE_CODE = YES;
				CLANG_WARN__DUPLICATE_METHOD_MATCH = YES;
				COPY_PHASE_STRIP = NO;
				DEBUG_INFORMATION_FORMAT = dwarf;
				ENABLE_STRICT_OBJC_MSGSEND = YES;
				ENABLE_TESTABILITY = YES;
				GCC_C_LANGUAGE_STANDARD = gnu11;
				GCC_DYNAMIC_NO_PIC = NO;
				GCC_NO_COMMON_BLOCKS = YES;
				GCC_OPTIMIZATION_LEVEL = 0;
				GCC_PREPROCESSOR_DEFINITIONS = (
					"DEBUG=1",
					"$(inherited)",
				);
				GCC_WARN_64_TO_32_BIT_CONVERSION = YES;
				GCC_WARN_ABOUT_RETURN_TYPE = YES_ERROR;
				GCC_WARN_UNDECLARED_SELECTOR = YES;
				GCC_WARN_UNINITIALIZED_AUTOS = YES_AGGRESSIVE;
				GCC_WARN_UNUSED_FUNCTION = YES;
				GCC_WARN_UNUSED_VARIABLE = YES;
				IPHONEOS_DEPLOYMENT_TARGET = 15.2;
				MTL_ENABLE_DEBUG_INFO = INCLUDE_SOURCE;
				MTL_FAST_MATH = YES;
				ONLY_ACTIVE_ARCH = YES;
				SDKROOT = iphoneos;
				SWIFT_ACTIVE_COMPILATION_CONDITIONS = DEBUG;
				SWIFT_OPTIMIZATION_LEVEL = "-Onone";
			};
			name = Debug;
		};
		DA2FAACC27C994D000C6F51E /* Release */ = {
			isa = XCBuildConfiguration;
			buildSettings = {
				ALWAYS_SEARCH_USER_PATHS = NO;
				CLANG_ANALYZER_NONNULL = YES;
				CLANG_ANALYZER_NUMBER_OBJECT_CONVERSION = YES_AGGRESSIVE;
				CLANG_CXX_LANGUAGE_STANDARD = "gnu++17";
				CLANG_CXX_LIBRARY = "libc++";
				CLANG_ENABLE_MODULES = YES;
				CLANG_ENABLE_OBJC_ARC = YES;
				CLANG_ENABLE_OBJC_WEAK = YES;
				CLANG_WARN_BLOCK_CAPTURE_AUTORELEASING = YES;
				CLANG_WARN_BOOL_CONVERSION = YES;
				CLANG_WARN_COMMA = YES;
				CLANG_WARN_CONSTANT_CONVERSION = YES;
				CLANG_WARN_DEPRECATED_OBJC_IMPLEMENTATIONS = YES;
				CLANG_WARN_DIRECT_OBJC_ISA_USAGE = YES_ERROR;
				CLANG_WARN_DOCUMENTATION_COMMENTS = YES;
				CLANG_WARN_EMPTY_BODY = YES;
				CLANG_WARN_ENUM_CONVERSION = YES;
				CLANG_WARN_INFINITE_RECURSION = YES;
				CLANG_WARN_INT_CONVERSION = YES;
				CLANG_WARN_NON_LITERAL_NULL_CONVERSION = YES;
				CLANG_WARN_OBJC_IMPLICIT_RETAIN_SELF = YES;
				CLANG_WARN_OBJC_LITERAL_CONVERSION = YES;
				CLANG_WARN_OBJC_ROOT_CLASS = YES_ERROR;
				CLANG_WARN_QUOTED_INCLUDE_IN_FRAMEWORK_HEADER = YES;
				CLANG_WARN_RANGE_LOOP_ANALYSIS = YES;
				CLANG_WARN_STRICT_PROTOTYPES = YES;
				CLANG_WARN_SUSPICIOUS_MOVE = YES;
				CLANG_WARN_UNGUARDED_AVAILABILITY = YES_AGGRESSIVE;
				CLANG_WARN_UNREACHABLE_CODE = YES;
				CLANG_WARN__DUPLICATE_METHOD_MATCH = YES;
				COPY_PHASE_STRIP = NO;
				DEBUG_INFORMATION_FORMAT = "dwarf-with-dsym";
				ENABLE_NS_ASSERTIONS = NO;
				ENABLE_STRICT_OBJC_MSGSEND = YES;
				GCC_C_LANGUAGE_STANDARD = gnu11;
				GCC_NO_COMMON_BLOCKS = YES;
				GCC_WARN_64_TO_32_BIT_CONVERSION = YES;
				GCC_WARN_ABOUT_RETURN_TYPE = YES_ERROR;
				GCC_WARN_UNDECLARED_SELECTOR = YES;
				GCC_WARN_UNINITIALIZED_AUTOS = YES_AGGRESSIVE;
				GCC_WARN_UNUSED_FUNCTION = YES;
				GCC_WARN_UNUSED_VARIABLE = YES;
				IPHONEOS_DEPLOYMENT_TARGET = 15.2;
				MTL_ENABLE_DEBUG_INFO = NO;
				MTL_FAST_MATH = YES;
				SDKROOT = iphoneos;
				SWIFT_COMPILATION_MODE = wholemodule;
				SWIFT_OPTIMIZATION_LEVEL = "-O";
				VALIDATE_PRODUCT = YES;
			};
			name = Release;
		};
		DA2FAACE27C994D000C6F51E /* Debug */ = {
			isa = XCBuildConfiguration;
			buildSettings = {
				ASSETCATALOG_COMPILER_APPICON_NAME = AppIcon;
				ASSETCATALOG_COMPILER_GLOBAL_ACCENT_COLOR_NAME = AccentColor;
				CODE_SIGN_STYLE = Automatic;
				CURRENT_PROJECT_VERSION = 1;
				GENERATE_INFOPLIST_FILE = YES;
				INFOPLIST_FILE = OnTheMap/Info.plist;
				INFOPLIST_KEY_UIApplicationSupportsIndirectInputEvents = YES;
				INFOPLIST_KEY_UILaunchStoryboardName = LaunchScreen;
				INFOPLIST_KEY_UIMainStoryboardFile = Main;
				INFOPLIST_KEY_UISupportedInterfaceOrientations_iPad = "UIInterfaceOrientationPortrait UIInterfaceOrientationPortraitUpsideDown UIInterfaceOrientationLandscapeLeft UIInterfaceOrientationLandscapeRight";
				INFOPLIST_KEY_UISupportedInterfaceOrientations_iPhone = "UIInterfaceOrientationPortrait UIInterfaceOrientationLandscapeLeft UIInterfaceOrientationLandscapeRight";
				LD_RUNPATH_SEARCH_PATHS = (
					"$(inherited)",
					"@executable_path/Frameworks",
				);
				MARKETING_VERSION = 1.0;
				PRODUCT_BUNDLE_IDENTIFIER = com.dilipagheda.OnTheMap;
				PRODUCT_NAME = "$(TARGET_NAME)";
				SWIFT_EMIT_LOC_STRINGS = YES;
				SWIFT_VERSION = 5.0;
				TARGETED_DEVICE_FAMILY = "1,2";
			};
			name = Debug;
		};
		DA2FAACF27C994D000C6F51E /* Release */ = {
			isa = XCBuildConfiguration;
			buildSettings = {
				ASSETCATALOG_COMPILER_APPICON_NAME = AppIcon;
				ASSETCATALOG_COMPILER_GLOBAL_ACCENT_COLOR_NAME = AccentColor;
				CODE_SIGN_STYLE = Automatic;
				CURRENT_PROJECT_VERSION = 1;
				GENERATE_INFOPLIST_FILE = YES;
				INFOPLIST_FILE = OnTheMap/Info.plist;
				INFOPLIST_KEY_UIApplicationSupportsIndirectInputEvents = YES;
				INFOPLIST_KEY_UILaunchStoryboardName = LaunchScreen;
				INFOPLIST_KEY_UIMainStoryboardFile = Main;
				INFOPLIST_KEY_UISupportedInterfaceOrientations_iPad = "UIInterfaceOrientationPortrait UIInterfaceOrientationPortraitUpsideDown UIInterfaceOrientationLandscapeLeft UIInterfaceOrientationLandscapeRight";
				INFOPLIST_KEY_UISupportedInterfaceOrientations_iPhone = "UIInterfaceOrientationPortrait UIInterfaceOrientationLandscapeLeft UIInterfaceOrientationLandscapeRight";
				LD_RUNPATH_SEARCH_PATHS = (
					"$(inherited)",
					"@executable_path/Frameworks",
				);
				MARKETING_VERSION = 1.0;
				PRODUCT_BUNDLE_IDENTIFIER = com.dilipagheda.OnTheMap;
				PRODUCT_NAME = "$(TARGET_NAME)";
				SWIFT_EMIT_LOC_STRINGS = YES;
				SWIFT_VERSION = 5.0;
				TARGETED_DEVICE_FAMILY = "1,2";
			};
			name = Release;
		};
/* End XCBuildConfiguration section */

/* Begin XCConfigurationList section */
		DA2FAAB427C994CE00C6F51E /* Build configuration list for PBXProject "OnTheMap" */ = {
			isa = XCConfigurationList;
			buildConfigurations = (
				DA2FAACB27C994D000C6F51E /* Debug */,
				DA2FAACC27C994D000C6F51E /* Release */,
			);
			defaultConfigurationIsVisible = 0;
			defaultConfigurationName = Release;
		};
		DA2FAACD27C994D000C6F51E /* Build configuration list for PBXNativeTarget "OnTheMap" */ = {
			isa = XCConfigurationList;
			buildConfigurations = (
				DA2FAACE27C994D000C6F51E /* Debug */,
				DA2FAACF27C994D000C6F51E /* Release */,
			);
			defaultConfigurationIsVisible = 0;
			defaultConfigurationName = Release;
		};
/* End XCConfigurationList section */
	};
	rootObject = DA2FAAB127C994CE00C6F51E /* Project object */;
}
